
Microsoft Visual Studio Solution File, Format Version 12.00
# Visual Studio 15
VisualStudioVersion = 15.0.26730.16
MinimumVisualStudioVersion = 10.0.40219.1
Project("{8BC9CEB8-8B4A-11D0-8D11-00A0C91BC942}") = "ProcessingLibrary", "UnmanagedWrap.vcxproj", "{718DDDE1-0AB1-4A28-A4FC-586D8D36FD36}"
EndProject
Project("{9A19103F-16F7-4668-BE54-9A1E7A4F7556}") = "ManagedProcessing", "ManagedProcessing\ManagedProcessing.csproj", "{8CF7DC09-19D1-4396-B0A9-D7F29547F118}"
EndProject
Global
	GlobalSection(SolutionConfigurationPlatforms) = preSolution
		Debug|Any CPU = Debug|Any CPU
		Debug|x64 = Debug|x64
		Debug|x86 = Debug|x86
		Release|Any CPU = Release|Any CPU
		Release|x64 = Release|x64
		Release|x86 = Release|x86
		UnmanagedWrap_Publish|Any CPU = UnmanagedWrap_Publish|Any CPU
		UnmanagedWrap_Publish|x64 = UnmanagedWrap_Publish|x64
		UnmanagedWrap_Publish|x86 = UnmanagedWrap_Publish|x86
	EndGlobalSection
	GlobalSection(ProjectConfigurationPlatforms) = postSolution
		{718DDDE1-0AB1-4A28-A4FC-586D8D36FD36}.Debug|Any CPU.ActiveCfg = Debug|Win32
		{718DDDE1-0AB1-4A28-A4FC-586D8D36FD36}.Debug|Any CPU.Build.0 = Debug|Win32
		{718DDDE1-0AB1-4A28-A4FC-586D8D36FD36}.Debug|x64.ActiveCfg = Debug|x64
		{718DDDE1-0AB1-4A28-A4FC-586D8D36FD36}.Debug|x64.Build.0 = Debug|x64
		{718DDDE1-0AB1-4A28-A4FC-586D8D36FD36}.Debug|x86.ActiveCfg = Debug|Win32
		{718DDDE1-0AB1-4A28-A4FC-586D8D36FD36}.Debug|x86.Build.0 = Debug|Win32
		{718DDDE1-0AB1-4A28-A4FC-586D8D36FD36}.Release|Any CPU.ActiveCfg = Debug|Win32
		{718DDDE1-0AB1-4A28-A4FC-586D8D36FD36}.Release|Any CPU.Build.0 = Debug|Win32
		{718DDDE1-0AB1-4A28-A4FC-586D8D36FD36}.Release|x64.ActiveCfg = Release|x64
		{718DDDE1-0AB1-4A28-A4FC-586D8D36FD36}.Release|x64.Build.0 = Release|x64
		{718DDDE1-0AB1-4A28-A4FC-586D8D36FD36}.Release|x86.ActiveCfg = Release|Win32
		{718DDDE1-0AB1-4A28-A4FC-586D8D36FD36}.Release|x86.Build.0 = Release|Win32
		{718DDDE1-0AB1-4A28-A4FC-586D8D36FD36}.UnmanagedWrap_Publish|Any CPU.ActiveCfg = Debug|Win32
		{718DDDE1-0AB1-4A28-A4FC-586D8D36FD36}.UnmanagedWrap_Publish|x64.ActiveCfg = UnmanagedWrap_Publish|x64
		{718DDDE1-0AB1-4A28-A4FC-586D8D36FD36}.UnmanagedWrap_Publish|x64.Build.0 = UnmanagedWrap_Publish|x64
		{718DDDE1-0AB1-4A28-A4FC-586D8D36FD36}.UnmanagedWrap_Publish|x86.ActiveCfg = UnmanagedWrap_Publish|Win32
		{718DDDE1-0AB1-4A28-A4FC-586D8D36FD36}.UnmanagedWrap_Publish|x86.Build.0 = UnmanagedWrap_Publish|Win32
		{8CF7DC09-19D1-4396-B0A9-D7F29547F118}.Debug|Any CPU.ActiveCfg = Debug|Any CPU
		{8CF7DC09-19D1-4396-B0A9-D7F29547F118}.Debug|Any CPU.Build.0 = Debug|Any CPU
		{8CF7DC09-19D1-4396-B0A9-D7F29547F118}.Debug|x64.ActiveCfg = Debug|Any CPU
		{8CF7DC09-19D1-4396-B0A9-D7F29547F118}.Debug|x64.Build.0 = Debug|Any CPU
		{8CF7DC09-19D1-4396-B0A9-D7F29547F118}.Debug|x86.ActiveCfg = Debug|Any CPU
		{8CF7DC09-19D1-4396-B0A9-D7F29547F118}.Debug|x86.Build.0 = Debug|Any CPU
		{8CF7DC09-19D1-4396-B0A9-D7F29547F118}.Release|Any CPU.ActiveCfg = Release|Any CPU
		{8CF7DC09-19D1-4396-B0A9-D7F29547F118}.Release|Any CPU.Build.0 = Release|Any CPU
		{8CF7DC09-19D1-4396-B0A9-D7F29547F118}.Release|x64.ActiveCfg = Release|Any CPU
		{8CF7DC09-19D1-4396-B0A9-D7F29547F118}.Release|x64.Build.0 = Release|Any CPU
		{8CF7DC09-19D1-4396-B0A9-D7F29547F118}.Release|x86.ActiveCfg = Release|Any CPU
		{8CF7DC09-19D1-4396-B0A9-D7F29547F118}.Release|x86.Build.0 = Release|Any CPU
		{8CF7DC09-19D1-4396-B0A9-D7F29547F118}.UnmanagedWrap_Publish|Any CPU.ActiveCfg = Debug|Any CPU
		{8CF7DC09-19D1-4396-B0A9-D7F29547F118}.UnmanagedWrap_Publish|Any CPU.Build.0 = Debug|Any CPU
		{8CF7DC09-19D1-4396-B0A9-D7F29547F118}.UnmanagedWrap_Publish|x64.ActiveCfg = Debug|Any CPU
		{8CF7DC09-19D1-4396-B0A9-D7F29547F118}.UnmanagedWrap_Publish|x64.Build.0 = Debug|Any CPU
		{8CF7DC09-19D1-4396-B0A9-D7F29547F118}.UnmanagedWrap_Publish|x86.ActiveCfg = Debug|Any CPU
		{8CF7DC09-19D1-4396-B0A9-D7F29547F118}.UnmanagedWrap_Publish|x86.Build.0 = Debug|Any CPU
	EndGlobalSection
	GlobalSection(SolutionProperties) = preSolution
		HideSolutionNode = FALSE
	EndGlobalSection
	GlobalSection(ExtensibilityGlobals) = postSolution
		SolutionGuid = {86B85127-A3A4-4FE1-90C0-77F9E6067D83}
	EndGlobalSection
EndGlobal
